
Microsoft Visual Studio Solution File, Format Version 12.00
# Visual Studio 15
VisualStudioVersion = 15.0.28307.421
MinimumVisualStudioVersion = 10.0.40219.1
Project("{FAE04EC0-301F-11D3-BF4B-00C04F79EFBC}") = "TestApi", "TestApi\TestApi.csproj", "{D561E102-C4D2-49DD-8CD1-E49D0C2896AB}"
EndProject
Global
	GlobalSection(SolutionConfigurationPlatforms) = preSolution
		Debug|Any CPU = Debug|Any CPU
		Release|Any CPU = Release|Any CPU
	EndGlobalSection
	GlobalSection(ProjectConfigurationPlatforms) = postSolution
		{D561E102-C4D2-49DD-8CD1-E49D0C2896AB}.Debug|Any CPU.ActiveCfg = Debug|Any CPU
		{D561E102-C4D2-49DD-8CD1-E49D0C2896AB}.Debug|Any CPU.Build.0 = Debug|Any CPU
		{D561E102-C4D2-49DD-8CD1-E49D0C2896AB}.Release|Any CPU.ActiveCfg = Release|Any CPU
		{D561E102-C4D2-49DD-8CD1-E49D0C2896AB}.Release|Any CPU.Build.0 = Release|Any CPU
	EndGlobalSection
	GlobalSection(SolutionProperties) = preSolution
		HideSolutionNode = FALSE
	EndGlobalSection
	GlobalSection(ExtensibilityGlobals) = postSolution
		SolutionGuid = {F47839FF-7FE5-4173-9082-C80BFC3FDED4}
	EndGlobalSection
EndGlobal
